// !$*UTF8*$!
{
	archiveVersion = 1;
	classes = {
	};
	objectVersion = 46;
	objects = {

/* Begin PBXBuildFile section */
		E512DFC01AF0F71100BDCE30 /* main.m in Sources */ = {isa = PBXBuildFile; fileRef = E512DFBF1AF0F71100BDCE30 /* main.m */; };
		E512DFC31AF0F71100BDCE30 /* AppDelegate.m in Sources */ = {isa = PBXBuildFile; fileRef = E512DFC21AF0F71100BDCE30 /* AppDelegate.m */; };
		E512DFC61AF0F71100BDCE30 /* ViewController.m in Sources */ = {isa = PBXBuildFile; fileRef = E512DFC51AF0F71100BDCE30 /* ViewController.m */; };
		E512DFC91AF0F71100BDCE30 /* Main.storyboard in Resources */ = {isa = PBXBuildFile; fileRef = E512DFC71AF0F71100BDCE30 /* Main.storyboard */; };
		E512DFCB1AF0F71100BDCE30 /* Images.xcassets in Resources */ = {isa = PBXBuildFile; fileRef = E512DFCA1AF0F71100BDCE30 /* Images.xcassets */; };
		E512DFCE1AF0F71100BDCE30 /* LaunchScreen.xib in Resources */ = {isa = PBXBuildFile; fileRef = E512DFCC1AF0F71100BDCE30 /* LaunchScreen.xib */; };
		E512DFDA1AF0F71100BDCE30 /* TheSecondTestTests.m in Sources */ = {isa = PBXBuildFile; fileRef = E512DFD91AF0F71100BDCE30 /* TheSecondTestTests.m */; };
/* End PBXBuildFile section */

/* Begin PBXContainerItemProxy section */
		E512DFD41AF0F71100BDCE30 /* PBXContainerItemProxy */ = {
			isa = PBXContainerItemProxy;
			containerPortal = E512DFB21AF0F71100BDCE30 /* Project object */;
			proxyType = 1;
			remoteGlobalIDString = E512DFB91AF0F71100BDCE30;
			remoteInfo = TheSecondTest;
		};
/* End PBXContainerItemProxy section */

/* Begin PBXFileReference section */
		E512DFBA1AF0F71100BDCE30 /* TheSecondTest.app */ = {isa = PBXFileReference; explicitFileType = wrapper.application; includeInIndex = 0; path = TheSecondTest.app; sourceTree = BUILT_PRODUCTS_DIR; };
		E512DFBE1AF0F71100BDCE30 /* Info.plist */ = {isa = PBXFileReference; lastKnownFileType = text.plist.xml; path = Info.plist; sourceTree = "<group>"; };
		E512DFBF1AF0F71100BDCE30 /* main.m */ = {isa = PBXFileReference; lastKnownFileType = sourcecode.c.objc; path = main.m; sourceTree = "<group>"; };
		E512DFC11AF0F71100BDCE30 /* AppDelegate.h */ = {isa = PBXFileReference; lastKnownFileType = sourcecode.c.h; path = AppDelegate.h; sourceTree = "<group>"; };
		E512DFC21AF0F71100BDCE30 /* AppDelegate.m */ = {isa = PBXFileReference; lastKnownFileType = sourcecode.c.objc; path = AppDelegate.m; sourceTree = "<group>"; };
		E512DFC41AF0F71100BDCE30 /* ViewController.h */ = {isa = PBXFileReference; lastKnownFileType = sourcecode.c.h; path = ViewController.h; sourceTree = "<group>"; };
		E512DFC51AF0F71100BDCE30 /* ViewController.m */ = {isa = PBXFileReference; lastKnownFileType = sourcecode.c.objc; path = ViewController.m; sourceTree = "<group>"; };
		E512DFC81AF0F71100BDCE30 /* Base */ = {isa = PBXFileReference; lastKnownFileType = file.storyboard; name = Base; path = Base.lproj/Main.storyboard; sourceTree = "<group>"; };
		E512DFCA1AF0F71100BDCE30 /* Images.xcassets */ = {isa = PBXFileReference; lastKnownFileType = folder.assetcatalog; path = Images.xcassets; sourceTree = "<group>"; };
		E512DFCD1AF0F71100BDCE30 /* Base */ = {isa = PBXFileReference; lastKnownFileType = file.xib; name = Base; path = Base.lproj/LaunchScreen.xib; sourceTree = "<group>"; };
		E512DFD31AF0F71100BDCE30 /* TheSecondTestTests.xctest */ = {isa = PBXFileReference; explicitFileType = wrapper.cfbundle; includeInIndex = 0; path = TheSecondTestTests.xctest; sourceTree = BUILT_PRODUCTS_DIR; };
		E512DFD81AF0F71100BDCE30 /* Info.plist */ = {isa = PBXFileReference; lastKnownFileType = text.plist.xml; path = Info.plist; sourceTree = "<group>"; };
		E512DFD91AF0F71100BDCE30 /* TheSecondTestTests.m */ = {isa = PBXFileReference; lastKnownFileType = sourcecode.c.objc; path = TheSecondTestTests.m; sourceTree = "<group>"; };
/* End PBXFileReference section */

/* Begin PBXFrameworksBuildPhase section */
		E512DFB71AF0F71100BDCE30 /* Frameworks */ = {
			isa = PBXFrameworksBuildPhase;
			buildActionMask = 2147483647;
			files = (
			);
			runOnlyForDeploymentPostprocessing = 0;
		};
		E512DFD01AF0F71100BDCE30 /* Frameworks */ = {
			isa = PBXFrameworksBuildPhase;
			buildActionMask = 2147483647;
			files = (
			);
			runOnlyForDeploymentPostprocessing = 0;
		};
/* End PBXFrameworksBuildPhase section */

/* Begin PBXGroup section */
		E512DFB11AF0F71100BDCE30 = {
			isa = PBXGroup;
			children = (
				E512DFBC1AF0F71100BDCE30 /* TheSecondTest */,
				E512DFD61AF0F71100BDCE30 /* TheSecondTestTests */,
				E512DFBB1AF0F71100BDCE30 /* Products */,
			);
			sourceTree = "<group>";
		};
		E512DFBB1AF0F71100BDCE30 /* Products */ = {
			isa = PBXGroup;
			children = (
				E512DFBA1AF0F71100BDCE30 /* TheSecondTest.app */,
				E512DFD31AF0F71100BDCE30 /* TheSecondTestTests.xctest */,
			);
			name = Products;
			sourceTree = "<group>";
		};
		E512DFBC1AF0F71100BDCE30 /* TheSecondTest */ = {
			isa = PBXGroup;
			children = (
				E512DFC11AF0F71100BDCE30 /* AppDelegate.h */,
				E512DFC21AF0F71100BDCE30 /* AppDelegate.m */,
				E512DFC41AF0F71100BDCE30 /* ViewController.h */,
				E512DFC51AF0F71100BDCE30 /* ViewController.m */,
				E512DFC71AF0F71100BDCE30 /* Main.storyboard */,
				E512DFCA1AF0F71100BDCE30 /* Images.xcassets */,
				E512DFCC1AF0F71100BDCE30 /* LaunchScreen.xib */,
				E512DFBD1AF0F71100BDCE30 /* Supporting Files */,
			);
			path = TheSecondTest;
			sourceTree = "<group>";
		};
		E512DFBD1AF0F71100BDCE30 /* Supporting Files */ = {
			isa = PBXGroup;
			children = (
				E512DFBE1AF0F71100BDCE30 /* Info.plist */,
				E512DFBF1AF0F71100BDCE30 /* main.m */,
			);
			name = "Supporting Files";
			sourceTree = "<group>";
		};
		E512DFD61AF0F71100BDCE30 /* TheSecondTestTests */ = {
			isa = PBXGroup;
			children = (
				E512DFD91AF0F71100BDCE30 /* TheSecondTestTests.m */,
				E512DFD71AF0F71100BDCE30 /* Supporting Files */,
			);
			path = TheSecondTestTests;
			sourceTree = "<group>";
		};
		E512DFD71AF0F71100BDCE30 /* Supporting Files */ = {
			isa = PBXGroup;
			children = (
				E512DFD81AF0F71100BDCE30 /* Info.plist */,
			);
			name = "Supporting Files";
			sourceTree = "<group>";
		};
/* End PBXGroup section */

/* Begin PBXNativeTarget section */
		E512DFB91AF0F71100BDCE30 /* TheSecondTest */ = {
			isa = PBXNativeTarget;
			buildConfigurationList = E512DFDD1AF0F71100BDCE30 /* Build configuration list for PBXNativeTarget "TheSecondTest" */;
			buildPhases = (
				E512DFB61AF0F71100BDCE30 /* Sources */,
				E512DFB71AF0F71100BDCE30 /* Frameworks */,
				E512DFB81AF0F71100BDCE30 /* Resources */,
			);
			buildRules = (
			);
			dependencies = (
			);
			name = TheSecondTest;
			productName = TheSecondTest;
			productReference = E512DFBA1AF0F71100BDCE30 /* TheSecondTest.app */;
			productType = "com.apple.product-type.application";
		};
		E512DFD21AF0F71100BDCE30 /* TheSecondTestTests */ = {
			isa = PBXNativeTarget;
			buildConfigurationList = E512DFE01AF0F71100BDCE30 /* Build configuration list for PBXNativeTarget "TheSecondTestTests" */;
			buildPhases = (
				E512DFCF1AF0F71100BDCE30 /* Sources */,
				E512DFD01AF0F71100BDCE30 /* Frameworks */,
				E512DFD11AF0F71100BDCE30 /* Resources */,
			);
			buildRules = (
			);
			dependencies = (
				E512DFD51AF0F71100BDCE30 /* PBXTargetDependency */,
			);
			name = TheSecondTestTests;
			productName = TheSecondTestTests;
			productReference = E512DFD31AF0F71100BDCE30 /* TheSecondTestTests.xctest */;
			productType = "com.apple.product-type.bundle.unit-test";
		};
/* End PBXNativeTarget section */

/* Begin PBXProject section */
		E512DFB21AF0F71100BDCE30 /* Project object */ = {
			isa = PBXProject;
			attributes = {
				LastUpgradeCheck = 0630;
				ORGANIZATIONNAME = ShapeApp;
				TargetAttributes = {
					E512DFB91AF0F71100BDCE30 = {
						CreatedOnToolsVersion = 6.3;
					};
					E512DFD21AF0F71100BDCE30 = {
						CreatedOnToolsVersion = 6.3;
						TestTargetID = E512DFB91AF0F71100BDCE30;
					};
				};
			};
			buildConfigurationList = E512DFB51AF0F71100BDCE30 /* Build configuration list for PBXProject "TheSecondTest" */;
			compatibilityVersion = "Xcode 3.2";
			developmentRegion = English;
			hasScannedForEncodings = 0;
			knownRegions = (
				en,
				Base,
			);
			mainGroup = E512DFB11AF0F71100BDCE30;
			productRefGroup = E512DFBB1AF0F71100BDCE30 /* Products */;
			projectDirPath = "";
			projectRoot = "";
			targets = (
				E512DFB91AF0F71100BDCE30 /* TheSecondTest */,
				E512DFD21AF0F71100BDCE30 /* TheSecondTestTests */,
			);
		};
/* End PBXProject section */

/* Begin PBXResourcesBuildPhase section */
		E512DFB81AF0F71100BDCE30 /* Resources */ = {
			isa = PBXResourcesBuildPhase;
			buildActionMask = 2147483647;
			files = (
				E512DFC91AF0F71100BDCE30 /* Main.storyboard in Resources */,
				E512DFCE1AF0F71100BDCE30 /* LaunchScreen.xib in Resources */,
				E512DFCB1AF0F71100BDCE30 /* Images.xcassets in Resources */,
			);
			runOnlyForDeploymentPostprocessing = 0;
		};
		E512DFD11AF0F71100BDCE30 /* Resources */ = {
			isa = PBXResourcesBuildPhase;
			buildActionMask = 2147483647;
			files = (
			);
			runOnlyForDeploymentPostprocessing = 0;
		};
/* End PBXResourcesBuildPhase section */

/* Begin PBXSourcesBuildPhase section */
		E512DFB61AF0F71100BDCE30 /* Sources */ = {
			isa = PBXSourcesBuildPhase;
			buildActionMask = 2147483647;
			files = (
				E512DFC61AF0F71100BDCE30 /* ViewController.m in Sources */,
				E512DFC31AF0F71100BDCE30 /* AppDelegate.m in Sources */,
				E512DFC01AF0F71100BDCE30 /* main.m in Sources */,
			);
			runOnlyForDeploymentPostprocessing = 0;
		};
		E512DFCF1AF0F71100BDCE30 /* Sources */ = {
			isa = PBXSourcesBuildPhase;
			buildActionMask = 2147483647;
			files = (
				E512DFDA1AF0F71100BDCE30 /* TheSecondTestTests.m in Sources */,
			);
			runOnlyForDeploymentPostprocessing = 0;
		};
/* End PBXSourcesBuildPhase section */

/* Begin PBXTargetDependency section */
		E512DFD51AF0F71100BDCE30 /* PBXTargetDependency */ = {
			isa = PBXTargetDependency;
			target = E512DFB91AF0F71100BDCE30 /* TheSecondTest */;
			targetProxy = E512DFD41AF0F71100BDCE30 /* PBXContainerItemProxy */;
		};
/* End PBXTargetDependency section */

/* Begin PBXVariantGroup section */
		E512DFC71AF0F71100BDCE30 /* Main.storyboard */ = {
			isa = PBXVariantGroup;
			children = (
				E512DFC81AF0F71100BDCE30 /* Base */,
			);
			name = Main.storyboard;
			sourceTree = "<group>";
		};
		E512DFCC1AF0F71100BDCE30 /* LaunchScreen.xib */ = {
			isa = PBXVariantGroup;
			children = (
				E512DFCD1AF0F71100BDCE30 /* Base */,
			);
			name = LaunchScreen.xib;
			sourceTree = "<group>";
		};
/* End PBXVariantGroup section */

/* Begin XCBuildConfiguration section */
		E512DFDB1AF0F71100BDCE30 /* Debug */ = {
			isa = XCBuildConfiguration;
			buildSettings = {
				ALWAYS_SEARCH_USER_PATHS = NO;
				CLANG_CXX_LANGUAGE_STANDARD = "gnu++0x";
				CLANG_CXX_LIBRARY = "libc++";
				CLANG_ENABLE_MODULES = YES;
				CLANG_ENABLE_OBJC_ARC = YES;
				CLANG_WARN_BOOL_CONVERSION = YES;
				CLANG_WARN_CONSTANT_CONVERSION = YES;
				CLANG_WARN_DIRECT_OBJC_ISA_USAGE = YES_ERROR;
				CLANG_WARN_EMPTY_BODY = YES;
				CLANG_WARN_ENUM_CONVERSION = YES;
				CLANG_WARN_INT_CONVERSION = YES;
				CLANG_WARN_OBJC_ROOT_CLASS = YES_ERROR;
				CLANG_WARN_UNREACHABLE_CODE = YES;
				CLANG_WARN__DUPLICATE_METHOD_MATCH = YES;
				"CODE_SIGN_IDENTITY[sdk=iphoneos*]" = "iPhone Developer";
				COPY_PHASE_STRIP = NO;
				DEBUG_INFORMATION_FORMAT = "dwarf-with-dsym";
				ENABLE_STRICT_OBJC_MSGSEND = YES;
				GCC_C_LANGUAGE_STANDARD = gnu99;
				GCC_DYNAMIC_NO_PIC = NO;
				GCC_NO_COMMON_BLOCKS = YES;
				GCC_OPTIMIZATION_LEVEL = 0;
				GCC_PREPROCESSOR_DEFINITIONS = (
					"DEBUG=1",
					"$(inherited)",
				);
				GCC_SYMBOLS_PRIVATE_EXTERN = NO;
				GCC_WARN_64_TO_32_BIT_CONVERSION = YES;
				GCC_WARN_ABOUT_RETURN_TYPE = YES_ERROR;
				GCC_WARN_UNDECLARED_SELECTOR = YES;
				GCC_WARN_UNINITIALIZED_AUTOS = YES_AGGRESSIVE;
				GCC_WARN_UNUSED_FUNCTION = YES;
				GCC_WARN_UNUSED_VARIABLE = YES;
				IPHONEOS_DEPLOYMENT_TARGET = 8.3;
				MTL_ENABLE_DEBUG_INFO = YES;
				ONLY_ACTIVE_ARCH = YES;
				SDKROOT = iphoneos;
				TARGETED_DEVICE_FAMILY = "1,2";
			};
			name = Debug;
		};
		E512DFDC1AF0F71100BDCE30 /* Release */ = {
			isa = XCBuildConfiguration;
			buildSettings = {
				ALWAYS_SEARCH_USER_PATHS = NO;
				CLANG_CXX_LANGUAGE_STANDARD = "gnu++0x";
				CLANG_CXX_LIBRARY = "libc++";
				CLANG_ENABLE_MODULES = YES;
				CLANG_ENABLE_OBJC_ARC = YES;
				CLANG_WARN_BOOL_CONVERSION = YES;
				CLANG_WARN_CONSTANT_CONVERSION = YES;
				CLANG_WARN_DIRECT_OBJC_ISA_USAGE = YES_ERROR;
				CLANG_WARN_EMPTY_BODY = YES;
				CLANG_WARN_ENUM_CONVERSION = YES;
				CLANG_WARN_INT_CONVERSION = YES;
				CLANG_WARN_OBJC_ROOT_CLASS = YES_ERROR;
				CLANG_WARN_UNREACHABLE_CODE = YES;
				CLANG_WARN__DUPLICATE_METHOD_MATCH = YES;
				"CODE_SIGN_IDENTITY[sdk=iphoneos*]" = "iPhone Developer";
				COPY_PHASE_STRIP = NO;
				DEBUG_INFORMATION_FORMAT = "dwarf-with-dsym";
				ENABLE_NS_ASSERTIONS = NO;
				ENABLE_STRICT_OBJC_MSGSEND = YES;
				GCC_C_LANGUAGE_STANDARD = gnu99;
				GCC_NO_COMMON_BLOCKS = YES;
				GCC_WARN_64_TO_32_BIT_CONVERSION = YES;
				GCC_WARN_ABOUT_RETURN_TYPE = YES_ERROR;
				GCC_WARN_UNDECLARED_SELECTOR = YES;
				GCC_WARN_UNINITIALIZED_AUTOS = YES_AGGRESSIVE;
				GCC_WARN_UNUSED_FUNCTION = YES;
				GCC_WARN_UNUSED_VARIABLE = YES;
				IPHONEOS_DEPLOYMENT_TARGET = 8.3;
				MTL_ENABLE_DEBUG_INFO = NO;
				SDKROOT = iphoneos;
				TARGETED_DEVICE_FAMILY = "1,2";
				VALIDATE_PRODUCT = YES;
			};
			name = Release;
		};
		E512DFDE1AF0F71100BDCE30 /* Debug */ = {
			isa = XCBuildConfiguration;
			buildSettings = {
				ASSETCATALOG_COMPILER_APPICON_NAME = AppIcon;
				INFOPLIST_FILE = TheSecondTest/Info.plist;
				LD_RUNPATH_SEARCH_PATHS = "$(inherited) @executable_path/Frameworks";
				PRODUCT_NAME = "$(TARGET_NAME)";
			};
			name = Debug;
		};
		E512DFDF1AF0F71100BDCE30 /* Release */ = {
			isa = XCBuildConfiguration;
			buildSettings = {
				ASSETCATALOG_COMPILER_APPICON_NAME = AppIcon;
				INFOPLIST_FILE = TheSecondTest/Info.plist;
				LD_RUNPATH_SEARCH_PATHS = "$(inherited) @executable_path/Frameworks";
				PRODUCT_NAME = "$(TARGET_NAME)";
			};
			name = Release;
		};
		E512DFE11AF0F71100BDCE30 /* Debug */ = {
			isa = XCBuildConfiguration;
			buildSettings = {
				BUNDLE_LOADER = "$(TEST_HOST)";
				FRAMEWORK_SEARCH_PATHS = (
					"$(SDKROOT)/Developer/Library/Frameworks",
					"$(inherited)",
				);
				GCC_PREPROCESSOR_DEFINITIONS = (
					"DEBUG=1",
					"$(inherited)",
				);
				INFOPLIST_FILE = TheSecondTestTests/Info.plist;
				LD_RUNPATH_SEARCH_PATHS = "$(inherited) @executable_path/Frameworks @loader_path/Frameworks";
				PRODUCT_NAME = "$(TARGET_NAME)";
				TEST_HOST = "$(BUILT_PRODUCTS_DIR)/TheSecondTest.app/TheSecondTest";
			};
			name = Debug;
		};
		E512DFE21AF0F71100BDCE30 /* Release */ = {
			isa = XCBuildConfiguration;
			buildSettings = {
				BUNDLE_LOADER = "$(TEST_HOST)";
				FRAMEWORK_SEARCH_PATHS = (
					"$(SDKROOT)/Developer/Library/Frameworks",
					"$(inherited)",
				);
				INFOPLIST_FILE = TheSecondTestTests/Info.plist;
				LD_RUNPATH_SEARCH_PATHS = "$(inherited) @executable_path/Frameworks @loader_path/Frameworks";
				PRODUCT_NAME = "$(TARGET_NAME)";
				TEST_HOST = "$(BUILT_PRODUCTS_DIR)/TheSecondTest.app/TheSecondTest";
			};
			name = Release;
		};
/* End XCBuildConfiguration section */

/* Begin XCConfigurationList section */
		E512DFB51AF0F71100BDCE30 /* Build configuration list for PBXProject "TheSecondTest" */ = {
			isa = XCConfigurationList;
			buildConfigurations = (
				E512DFDB1AF0F71100BDCE30 /* Debug */,
				E512DFDC1AF0F71100BDCE30 /* Release */,
			);
			defaultConfigurationIsVisible = 0;
			defaultConfigurationName = Release;
		};
		E512DFDD1AF0F71100BDCE30 /* Build configuration list for PBXNativeTarget "TheSecondTest" */ = {
			isa = XCConfigurationList;
			buildConfigurations = (
				E512DFDE1AF0F71100BDCE30 /* Debug */,
				E512DFDF1AF0F71100BDCE30 /* Release */,
			);
			defaultConfigurationIsVisible = 0;
		};
		E512DFE01AF0F71100BDCE30 /* Build configuration list for PBXNativeTarget "TheSecondTestTests" */ = {
			isa = XCConfigurationList;
			buildConfigurations = (
				E512DFE11AF0F71100BDCE30 /* Debug */,
				E512DFE21AF0F71100BDCE30 /* Release */,
			);
			defaultConfigurationIsVisible = 0;
		};
/* End XCConfigurationList section */
	};
	rootObject = E512DFB21AF0F71100BDCE30 /* Project object */;
}
